// !$*UTF8*$!
{
	archiveVersion = 1;
	classes = {
	};
	objectVersion = 46;
	objects = {

/* Begin PBXBuildFile section */
		AFC2B9C41C0E629D006AA773 /* main.cpp in Sources */ = {isa = PBXBuildFile; fileRef = AFC2B9C31C0E629D006AA773 /* main.cpp */; };
/* End PBXBuildFile section */

/* Begin PBXCopyFilesBuildPhase section */
		AFC2B9BE1C0E629D006AA773 /* CopyFiles */ = {
			isa = PBXCopyFilesBuildPhase;
			buildActionMask = 2147483647;
			dstPath = /usr/share/man/man1/;
			dstSubfolderSpec = 0;
			files = (
			);
			runOnlyForDeploymentPostprocessing = 1;
		};
/* End PBXCopyFilesBuildPhase section */

/* Begin PBXFileReference section */
		AF559BB61C10598B0014231D /* HTRFUtil.h */ = {isa = PBXFileReference; lastKnownFileType = sourcecode.c.h; path = HTRFUtil.h; sourceTree = "<group>"; };
		AFC2B9C01C0E629D006AA773 /* testmap */ = {isa = PBXFileReference; explicitFileType = "compiled.mach-o.executable"; includeInIndex = 0; path = testmap; sourceTree = BUILT_PRODUCTS_DIR; };
		AFC2B9C31C0E629D006AA773 /* main.cpp */ = {isa = PBXFileReference; lastKnownFileType = sourcecode.cpp.cpp; path = main.cpp; sourceTree = "<group>"; };
/* End PBXFileReference section */

/* Begin PBXFrameworksBuildPhase section */
		AFC2B9BD1C0E629D006AA773 /* Frameworks */ = {
			isa = PBXFrameworksBuildPhase;
			buildActionMask = 2147483647;
			files = (
			);
			runOnlyForDeploymentPostprocessing = 0;
		};
/* End PBXFrameworksBuildPhase section */

/* Begin PBXGroup section */
		AFC2B9B71C0E629D006AA773 = {
			isa = PBXGroup;
			children = (
				AFC2B9C21C0E629D006AA773 /* testmap */,
				AFC2B9C11C0E629D006AA773 /* Products */,
			);
			sourceTree = "<group>";
		};
		AFC2B9C11C0E629D006AA773 /* Products */ = {
			isa = PBXGroup;
			children = (
				AFC2B9C01C0E629D006AA773 /* testmap */,
			);
			name = Products;
			sourceTree = "<group>";
		};
		AFC2B9C21C0E629D006AA773 /* testmap */ = {
			isa = PBXGroup;
			children = (
				AFC2B9C31C0E629D006AA773 /* main.cpp */,
				AF559BB61C10598B0014231D /* HTRFUtil.h */,
			);
			path = testmap;
			sourceTree = "<group>";
		};
/* End PBXGroup section */

/* Begin PBXNativeTarget section */
		AFC2B9BF1C0E629D006AA773 /* testmap */ = {
			isa = PBXNativeTarget;
			buildConfigurationList = AFC2B9C71C0E629D006AA773 /* Build configuration list for PBXNativeTarget "testmap" */;
			buildPhases = (
				AFC2B9BC1C0E629D006AA773 /* Sources */,
				AFC2B9BD1C0E629D006AA773 /* Frameworks */,
				AFC2B9BE1C0E629D006AA773 /* CopyFiles */,
			);
			buildRules = (
			);
			dependencies = (
			);
			name = testmap;
			productName = testmap;
			productReference = AFC2B9C01C0E629D006AA773 /* testmap */;
			productType = "com.apple.product-type.tool";
		};
/* End PBXNativeTarget section */

/* Begin PBXProject section */
		AFC2B9B81C0E629D006AA773 /* Project object */ = {
			isa = PBXProject;
			attributes = {
				LastUpgradeCheck = 0710;
				ORGANIZATIONNAME = diana;
				TargetAttributes = {
					AFC2B9BF1C0E629D006AA773 = {
						CreatedOnToolsVersion = 7.1;
					};
				};
			};
			buildConfigurationList = AFC2B9BB1C0E629D006AA773 /* Build configuration list for PBXProject "testmap" */;
			compatibilityVersion = "Xcode 3.2";
			developmentRegion = English;
			hasScannedForEncodings = 0;
			knownRegions = (
				en,
			);
			mainGroup = AFC2B9B71C0E629D006AA773;
			productRefGroup = AFC2B9C11C0E629D006AA773 /* Products */;
			projectDirPath = "";
			projectRoot = "";
			targets = (
				AFC2B9BF1C0E629D006AA773 /* testmap */,
			);
		};
/* End PBXProject section */

/* Begin PBXSourcesBuildPhase section */
		AFC2B9BC1C0E629D006AA773 /* Sources */ = {
			isa = PBXSourcesBuildPhase;
			buildActionMask = 2147483647;
			files = (
				AFC2B9C41C0E629D006AA773 /* main.cpp in Sources */,
			);
			runOnlyForDeploymentPostprocessing = 0;
		};
/* End PBXSourcesBuildPhase section */

/* Begin XCBuildConfiguration section */
		AFC2B9C51C0E629D006AA773 /* Debug */ = {
			isa = XCBuildConfiguration;
			buildSettings = {
				ALWAYS_SEARCH_USER_PATHS = NO;
				CLANG_CXX_LANGUAGE_STANDARD = "gnu++0x";
				CLANG_CXX_LIBRARY = "libc++";
				CLANG_ENABLE_MODULES = YES;
				CLANG_ENABLE_OBJC_ARC = YES;
				CLANG_WARN_BOOL_CONVERSION = YES;
				CLANG_WARN_CONSTANT_CONVERSION = YES;
				CLANG_WARN_DIRECT_OBJC_ISA_USAGE = YES_ERROR;
				CLANG_WARN_EMPTY_BODY = YES;
				CLANG_WARN_ENUM_CONVERSION = YES;
				CLANG_WARN_INT_CONVERSION = YES;
				CLANG_WARN_OBJC_ROOT_CLASS = YES_ERROR;
				CLANG_WARN_UNREACHABLE_CODE = YES;
				CLANG_WARN__DUPLICATE_METHOD_MATCH = YES;
				CODE_SIGN_IDENTITY = "-";
				COPY_PHASE_STRIP = NO;
				DEBUG_INFORMATION_FORMAT = dwarf;
				ENABLE_STRICT_OBJC_MSGSEND = YES;
				ENABLE_TESTABILITY = YES;
				GCC_C_LANGUAGE_STANDARD = gnu99;
				GCC_DYNAMIC_NO_PIC = NO;
				GCC_NO_COMMON_BLOCKS = YES;
				GCC_OPTIMIZATION_LEVEL = 0;
				GCC_PREPROCESSOR_DEFINITIONS = (
					"DEBUG=1",
					"$(inherited)",
				);
				GCC_WARN_64_TO_32_BIT_CONVERSION = YES;
				GCC_WARN_ABOUT_RETURN_TYPE = YES_ERROR;
				GCC_WARN_UNDECLARED_SELECTOR = YES;
				GCC_WARN_UNINITIALIZED_AUTOS = YES_AGGRESSIVE;
				GCC_WARN_UNUSED_FUNCTION = YES;
				GCC_WARN_UNUSED_VARIABLE = YES;
				MACOSX_DEPLOYMENT_TARGET = 10.11;
				MTL_ENABLE_DEBUG_INFO = YES;
				ONLY_ACTIVE_ARCH = YES;
				SDKROOT = macosx;
			};
			name = Debug;
		};
		AFC2B9C61C0E629D006AA773 /* Release */ = {
			isa = XCBuildConfiguration;
			buildSettings = {
				ALWAYS_SEARCH_USER_PATHS = NO;
				CLANG_CXX_LANGUAGE_STANDARD = "gnu++0x";
				CLANG_CXX_LIBRARY = "libc++";
				CLANG_ENABLE_MODULES = YES;
				CLANG_ENABLE_OBJC_ARC = YES;
				CLANG_WARN_BOOL_CONVERSION = YES;
				CLANG_WARN_CONSTANT_CONVERSION = YES;
				CLANG_WARN_DIRECT_OBJC_ISA_USAGE = YES_ERROR;
				CLANG_WARN_EMPTY_BODY = YES;
				CLANG_WARN_ENUM_CONVERSION = YES;
				CLANG_WARN_INT_CONVERSION = YES;
				CLANG_WARN_OBJC_ROOT_CLASS = YES_ERROR;
				CLANG_WARN_UNREACHABLE_CODE = YES;
				CLANG_WARN__DUPLICATE_METHOD_MATCH = YES;
				CODE_SIGN_IDENTITY = "-";
				COPY_PHASE_STRIP = NO;
				DEBUG_INFORMATION_FORMAT = "dwarf-with-dsym";
				ENABLE_NS_ASSERTIONS = NO;
				ENABLE_STRICT_OBJC_MSGSEND = YES;
				GCC_C_LANGUAGE_STANDARD = gnu99;
				GCC_NO_COMMON_BLOCKS = YES;
				GCC_WARN_64_TO_32_BIT_CONVERSION = YES;
				GCC_WARN_ABOUT_RETURN_TYPE = YES_ERROR;
				GCC_WARN_UNDECLARED_SELECTOR = YES;
				GCC_WARN_UNINITIALIZED_AUTOS = YES_AGGRESSIVE;
				GCC_WARN_UNUSED_FUNCTION = YES;
				GCC_WARN_UNUSED_VARIABLE = YES;
				MACOSX_DEPLOYMENT_TARGET = 10.11;
				MTL_ENABLE_DEBUG_INFO = NO;
				SDKROOT = macosx;
			};
			name = Release;
		};
		AFC2B9C81C0E629D006AA773 /* Debug */ = {
			isa = XCBuildConfiguration;
			buildSettings = {
				PRODUCT_NAME = "$(TARGET_NAME)";
			};
			name = Debug;
		};
		AFC2B9C91C0E629D006AA773 /* Release */ = {
			isa = XCBuildConfiguration;
			buildSettings = {
				PRODUCT_NAME = "$(TARGET_NAME)";
			};
			name = Release;
		};
/* End XCBuildConfiguration section */

/* Begin XCConfigurationList section */
		AFC2B9BB1C0E629D006AA773 /* Build configuration list for PBXProject "testmap" */ = {
			isa = XCConfigurationList;
			buildConfigurations = (
				AFC2B9C51C0E629D006AA773 /* Debug */,
				AFC2B9C61C0E629D006AA773 /* Release */,
			);
			defaultConfigurationIsVisible = 0;
			defaultConfigurationName = Release;
		};
		AFC2B9C71C0E629D006AA773 /* Build configuration list for PBXNativeTarget "testmap" */ = {
			isa = XCConfigurationList;
			buildConfigurations = (
				AFC2B9C81C0E629D006AA773 /* Debug */,
				AFC2B9C91C0E629D006AA773 /* Release */,
			);
			defaultConfigurationIsVisible = 0;
			defaultConfigurationName = Release;
		};
/* End XCConfigurationList section */
	};
	rootObject = AFC2B9B81C0E629D006AA773 /* Project object */;
}
